// !$*UTF8*$!
{
	archiveVersion = 1;
	classes = {
	};
	objectVersion = 50;
	objects = {

/* Begin PBXBuildFile section */
		A5FF4DFE241FE02900F9BBE3 /* AppDelegate.swift in Sources */ = {isa = PBXBuildFile; fileRef = A5FF4DFD241FE02900F9BBE3 /* AppDelegate.swift */; };
		A5FF4E00241FE02900F9BBE3 /* SceneDelegate.swift in Sources */ = {isa = PBXBuildFile; fileRef = A5FF4DFF241FE02900F9BBE3 /* SceneDelegate.swift */; };
		A5FF4E02241FE02900F9BBE3 /* ContentView.swift in Sources */ = {isa = PBXBuildFile; fileRef = A5FF4E01241FE02900F9BBE3 /* ContentView.swift */; };
		A5FF4E04241FE02C00F9BBE3 /* Assets.xcassets in Resources */ = {isa = PBXBuildFile; fileRef = A5FF4E03241FE02C00F9BBE3 /* Assets.xcassets */; };
		A5FF4E07241FE02C00F9BBE3 /* Preview Assets.xcassets in Resources */ = {isa = PBXBuildFile; fileRef = A5FF4E06241FE02C00F9BBE3 /* Preview Assets.xcassets */; };
		A5FF4E0A241FE02C00F9BBE3 /* LaunchScreen.storyboard in Resources */ = {isa = PBXBuildFile; fileRef = A5FF4E08241FE02C00F9BBE3 /* LaunchScreen.storyboard */; };
		A5FF4E12241FE3DE00F9BBE3 /* CircleImage.swift in Sources */ = {isa = PBXBuildFile; fileRef = A5FF4E11241FE3DE00F9BBE3 /* CircleImage.swift */; };
		A5FF4E14241FE58900F9BBE3 /* MapView.swift in Sources */ = {isa = PBXBuildFile; fileRef = A5FF4E13241FE58900F9BBE3 /* MapView.swift */; };
/* End PBXBuildFile section */

/* Begin PBXFileReference section */
		A5FF4DFA241FE02900F9BBE3 /* Landmarks.app */ = {isa = PBXFileReference; explicitFileType = wrapper.application; includeInIndex = 0; path = Landmarks.app; sourceTree = BUILT_PRODUCTS_DIR; };
		A5FF4DFD241FE02900F9BBE3 /* AppDelegate.swift */ = {isa = PBXFileReference; lastKnownFileType = sourcecode.swift; path = AppDelegate.swift; sourceTree = "<group>"; };
		A5FF4DFF241FE02900F9BBE3 /* SceneDelegate.swift */ = {isa = PBXFileReference; lastKnownFileType = sourcecode.swift; path = SceneDelegate.swift; sourceTree = "<group>"; };
		A5FF4E01241FE02900F9BBE3 /* ContentView.swift */ = {isa = PBXFileReference; lastKnownFileType = sourcecode.swift; path = ContentView.swift; sourceTree = "<group>"; };
		A5FF4E03241FE02C00F9BBE3 /* Assets.xcassets */ = {isa = PBXFileReference; lastKnownFileType = folder.assetcatalog; path = Assets.xcassets; sourceTree = "<group>"; };
		A5FF4E06241FE02C00F9BBE3 /* Preview Assets.xcassets */ = {isa = PBXFileReference; lastKnownFileType = folder.assetcatalog; path = "Preview Assets.xcassets"; sourceTree = "<group>"; };
		A5FF4E09241FE02C00F9BBE3 /* Base */ = {isa = PBXFileReference; lastKnownFileType = file.storyboard; name = Base; path = Base.lproj/LaunchScreen.storyboard; sourceTree = "<group>"; };
		A5FF4E0B241FE02C00F9BBE3 /* Info.plist */ = {isa = PBXFileReference; lastKnownFileType = text.plist.xml; path = Info.plist; sourceTree = "<group>"; };
		A5FF4E11241FE3DE00F9BBE3 /* CircleImage.swift */ = {isa = PBXFileReference; lastKnownFileType = sourcecode.swift; path = CircleImage.swift; sourceTree = "<group>"; };
		A5FF4E13241FE58900F9BBE3 /* MapView.swift */ = {isa = PBXFileReference; lastKnownFileType = sourcecode.swift; path = MapView.swift; sourceTree = "<group>"; };
/* End PBXFileReference section */

/* Begin PBXFrameworksBuildPhase section */
		A5FF4DF7241FE02900F9BBE3 /* Frameworks */ = {
			isa = PBXFrameworksBuildPhase;
			buildActionMask = 2147483647;
			files = (
			);
			runOnlyForDeploymentPostprocessing = 0;
		};
/* End PBXFrameworksBuildPhase section */

/* Begin PBXGroup section */
		A5FF4DF1241FE02900F9BBE3 = {
			isa = PBXGroup;
			children = (
				A5FF4DFC241FE02900F9BBE3 /* Landmarks */,
				A5FF4DFB241FE02900F9BBE3 /* Products */,
			);
			sourceTree = "<group>";
		};
		A5FF4DFB241FE02900F9BBE3 /* Products */ = {
			isa = PBXGroup;
			children = (
				A5FF4DFA241FE02900F9BBE3 /* Landmarks.app */,
			);
			name = Products;
			sourceTree = "<group>";
		};
		A5FF4DFC241FE02900F9BBE3 /* Landmarks */ = {
			isa = PBXGroup;
			children = (
				A5FF4E15241FE5D900F9BBE3 /* Supporting Views */,
				A5FF4DFD241FE02900F9BBE3 /* AppDelegate.swift */,
				A5FF4DFF241FE02900F9BBE3 /* SceneDelegate.swift */,
				A5FF4E01241FE02900F9BBE3 /* ContentView.swift */,
				A5FF4E03241FE02C00F9BBE3 /* Assets.xcassets */,
				A5FF4E08241FE02C00F9BBE3 /* LaunchScreen.storyboard */,
				A5FF4E0B241FE02C00F9BBE3 /* Info.plist */,
				A5FF4E05241FE02C00F9BBE3 /* Preview Content */,
			);
			path = Landmarks;
			sourceTree = "<group>";
		};
		A5FF4E05241FE02C00F9BBE3 /* Preview Content */ = {
			isa = PBXGroup;
			children = (
				A5FF4E06241FE02C00F9BBE3 /* Preview Assets.xcassets */,
			);
			path = "Preview Content";
			sourceTree = "<group>";
		};
		A5FF4E15241FE5D900F9BBE3 /* Supporting Views */ = {
			isa = PBXGroup;
			children = (
				A5FF4E11241FE3DE00F9BBE3 /* CircleImage.swift */,
				A5FF4E13241FE58900F9BBE3 /* MapView.swift */,
			);
			path = "Supporting Views";
			sourceTree = "<group>";
		};
/* End PBXGroup section */

/* Begin PBXNativeTarget section */
		A5FF4DF9241FE02900F9BBE3 /* Landmarks */ = {
			isa = PBXNativeTarget;
			buildConfigurationList = A5FF4E0E241FE02C00F9BBE3 /* Build configuration list for PBXNativeTarget "Landmarks" */;
			buildPhases = (
				A5FF4DF6241FE02900F9BBE3 /* Sources */,
				A5FF4DF7241FE02900F9BBE3 /* Frameworks */,
				A5FF4DF8241FE02900F9BBE3 /* Resources */,
			);
			buildRules = (
			);
			dependencies = (
			);
			name = Landmarks;
			productName = Landmarks;
			productReference = A5FF4DFA241FE02900F9BBE3 /* Landmarks.app */;
			productType = "com.apple.product-type.application";
		};
/* End PBXNativeTarget section */

/* Begin PBXProject section */
		A5FF4DF2241FE02900F9BBE3 /* Project object */ = {
			isa = PBXProject;
			attributes = {
				LastSwiftUpdateCheck = 1130;
				LastUpgradeCheck = 1130;
				ORGANIZATIONNAME = devtaku;
				TargetAttributes = {
					A5FF4DF9241FE02900F9BBE3 = {
						CreatedOnToolsVersion = 11.3.1;
					};
				};
			};
			buildConfigurationList = A5FF4DF5241FE02900F9BBE3 /* Build configuration list for PBXProject "Landmarks" */;
			compatibilityVersion = "Xcode 9.3";
			developmentRegion = en;
			hasScannedForEncodings = 0;
			knownRegions = (
				en,
				Base,
			);
			mainGroup = A5FF4DF1241FE02900F9BBE3;
			productRefGroup = A5FF4DFB241FE02900F9BBE3 /* Products */;
			projectDirPath = "";
			projectRoot = "";
			targets = (
				A5FF4DF9241FE02900F9BBE3 /* Landmarks */,
			);
		};
/* End PBXProject section */

/* Begin PBXResourcesBuildPhase section */
		A5FF4DF8241FE02900F9BBE3 /* Resources */ = {
			isa = PBXResourcesBuildPhase;
			buildActionMask = 2147483647;
			files = (
				A5FF4E0A241FE02C00F9BBE3 /* LaunchScreen.storyboard in Resources */,
				A5FF4E07241FE02C00F9BBE3 /* Preview Assets.xcassets in Resources */,
				A5FF4E04241FE02C00F9BBE3 /* Assets.xcassets in Resources */,
			);
			runOnlyForDeploymentPostprocessing = 0;
		};
/* End PBXResourcesBuildPhase section */

/* Begin PBXSourcesBuildPhase section */
		A5FF4DF6241FE02900F9BBE3 /* Sources */ = {
			isa = PBXSourcesBuildPhase;
			buildActionMask = 2147483647;
			files = (
				A5FF4DFE241FE02900F9BBE3 /* AppDelegate.swift in Sources */,
				A5FF4E12241FE3DE00F9BBE3 /* CircleImage.swift in Sources */,
				A5FF4E14241FE58900F9BBE3 /* MapView.swift in Sources */,
				A5FF4E00241FE02900F9BBE3 /* SceneDelegate.swift in Sources */,
				A5FF4E02241FE02900F9BBE3 /* ContentView.swift in Sources */,
			);
			runOnlyForDeploymentPostprocessing = 0;
		};
/* End PBXSourcesBuildPhase section */

/* Begin PBXVariantGroup section */
		A5FF4E08241FE02C00F9BBE3 /* LaunchScreen.storyboard */ = {
			isa = PBXVariantGroup;
			children = (
				A5FF4E09241FE02C00F9BBE3 /* Base */,
			);
			name = LaunchScreen.storyboard;
			sourceTree = "<group>";
		};
/* End PBXVariantGroup section */

/* Begin XCBuildConfiguration section */
		A5FF4E0C241FE02C00F9BBE3 /* Debug */ = {
			isa = XCBuildConfiguration;
			buildSettings = {
				ALWAYS_SEARCH_USER_PATHS = NO;
				CLANG_ANALYZER_NONNULL = YES;
				CLANG_ANALYZER_NUMBER_OBJECT_CONVERSION = YES_AGGRESSIVE;
				CLANG_CXX_LANGUAGE_STANDARD = "gnu++14";
				CLANG_CXX_LIBRARY = "libc++";
				CLANG_ENABLE_MODULES = YES;
				CLANG_ENABLE_OBJC_ARC = YES;
				CLANG_ENABLE_OBJC_WEAK = YES;
				CLANG_WARN_BLOCK_CAPTURE_AUTORELEASING = YES;
				CLANG_WARN_BOOL_CONVERSION = YES;
				CLANG_WARN_COMMA = YES;
				CLANG_WARN_CONSTANT_CONVERSION = YES;
				CLANG_WARN_DEPRECATED_OBJC_IMPLEMENTATIONS = YES;
				CLANG_WARN_DIRECT_OBJC_ISA_USAGE = YES_ERROR;
				CLANG_WARN_DOCUMENTATION_COMMENTS = YES;
				CLANG_WARN_EMPTY_BODY = YES;
				CLANG_WARN_ENUM_CONVERSION = YES;
				CLANG_WARN_INFINITE_RECURSION = YES;
				CLANG_WARN_INT_CONVERSION = YES;
				CLANG_WARN_NON_LITERAL_NULL_CONVERSION = YES;
				CLANG_WARN_OBJC_IMPLICIT_RETAIN_SELF = YES;
				CLANG_WARN_OBJC_LITERAL_CONVERSION = YES;
				CLANG_WARN_OBJC_ROOT_CLASS = YES_ERROR;
				CLANG_WARN_RANGE_LOOP_ANALYSIS = YES;
				CLANG_WARN_STRICT_PROTOTYPES = YES;
				CLANG_WARN_SUSPICIOUS_MOVE = YES;
				CLANG_WARN_UNGUARDED_AVAILABILITY = YES_AGGRESSIVE;
				CLANG_WARN_UNREACHABLE_CODE = YES;
				CLANG_WARN__DUPLICATE_METHOD_MATCH = YES;
				COPY_PHASE_STRIP = NO;
				DEBUG_INFORMATION_FORMAT = dwarf;
				ENABLE_STRICT_OBJC_MSGSEND = YES;
				ENABLE_TESTABILITY = YES;
				GCC_C_LANGUAGE_STANDARD = gnu11;
				GCC_DYNAMIC_NO_PIC = NO;
				GCC_NO_COMMON_BLOCKS = YES;
				GCC_OPTIMIZATION_LEVEL = 0;
				GCC_PREPROCESSOR_DEFINITIONS = (
					"DEBUG=1",
					"$(inherited)",
				);
				GCC_WARN_64_TO_32_BIT_CONVERSION = YES;
				GCC_WARN_ABOUT_RETURN_TYPE = YES_ERROR;
				GCC_WARN_UNDECLARED_SELECTOR = YES;
				GCC_WARN_UNINITIALIZED_AUTOS = YES_AGGRESSIVE;
				GCC_WARN_UNUSED_FUNCTION = YES;
				GCC_WARN_UNUSED_VARIABLE = YES;
				IPHONEOS_DEPLOYMENT_TARGET = 13.2;
				MTL_ENABLE_DEBUG_INFO = INCLUDE_SOURCE;
				MTL_FAST_MATH = YES;
				ONLY_ACTIVE_ARCH = YES;
				SDKROOT = iphoneos;
				SWIFT_ACTIVE_COMPILATION_CONDITIONS = DEBUG;
				SWIFT_OPTIMIZATION_LEVEL = "-Onone";
			};
			name = Debug;
		};
		A5FF4E0D241FE02C00F9BBE3 /* Release */ = {
			isa = XCBuildConfiguration;
			buildSettings = {
				ALWAYS_SEARCH_USER_PATHS = NO;
				CLANG_ANALYZER_NONNULL = YES;
				CLANG_ANALYZER_NUMBER_OBJECT_CONVERSION = YES_AGGRESSIVE;
				CLANG_CXX_LANGUAGE_STANDARD = "gnu++14";
				CLANG_CXX_LIBRARY = "libc++";
				CLANG_ENABLE_MODULES = YES;
				CLANG_ENABLE_OBJC_ARC = YES;
				CLANG_ENABLE_OBJC_WEAK = YES;
				CLANG_WARN_BLOCK_CAPTURE_AUTORELEASING = YES;
				CLANG_WARN_BOOL_CONVERSION = YES;
				CLANG_WARN_COMMA = YES;
				CLANG_WARN_CONSTANT_CONVERSION = YES;
				CLANG_WARN_DEPRECATED_OBJC_IMPLEMENTATIONS = YES;
				CLANG_WARN_DIRECT_OBJC_ISA_USAGE = YES_ERROR;
				CLANG_WARN_DOCUMENTATION_COMMENTS = YES;
				CLANG_WARN_EMPTY_BODY = YES;
				CLANG_WARN_ENUM_CONVERSION = YES;
				CLANG_WARN_INFINITE_RECURSION = YES;
				CLANG_WARN_INT_CONVERSION = YES;
				CLANG_WARN_NON_LITERAL_NULL_CONVERSION = YES;
				CLANG_WARN_OBJC_IMPLICIT_RETAIN_SELF = YES;
				CLANG_WARN_OBJC_LITERAL_CONVERSION = YES;
				CLANG_WARN_OBJC_ROOT_CLASS = YES_ERROR;
				CLANG_WARN_RANGE_LOOP_ANALYSIS = YES;
				CLANG_WARN_STRICT_PROTOTYPES = YES;
				CLANG_WARN_SUSPICIOUS_MOVE = YES;
				CLANG_WARN_UNGUARDED_AVAILABILITY = YES_AGGRESSIVE;
				CLANG_WARN_UNREACHABLE_CODE = YES;
				CLANG_WARN__DUPLICATE_METHOD_MATCH = YES;
				COPY_PHASE_STRIP = NO;
				DEBUG_INFORMATION_FORMAT = "dwarf-with-dsym";
				ENABLE_NS_ASSERTIONS = NO;
				ENABLE_STRICT_OBJC_MSGSEND = YES;
				GCC_C_LANGUAGE_STANDARD = gnu11;
				GCC_NO_COMMON_BLOCKS = YES;
				GCC_WARN_64_TO_32_BIT_CONVERSION = YES;
				GCC_WARN_ABOUT_RETURN_TYPE = YES_ERROR;
				GCC_WARN_UNDECLARED_SELECTOR = YES;
				GCC_WARN_UNINITIALIZED_AUTOS = YES_AGGRESSIVE;
				GCC_WARN_UNUSED_FUNCTION = YES;
				GCC_WARN_UNUSED_VARIABLE = YES;
				IPHONEOS_DEPLOYMENT_TARGET = 13.2;
				MTL_ENABLE_DEBUG_INFO = NO;
				MTL_FAST_MATH = YES;
				SDKROOT = iphoneos;
				SWIFT_COMPILATION_MODE = wholemodule;
				SWIFT_OPTIMIZATION_LEVEL = "-O";
				VALIDATE_PRODUCT = YES;
			};
			name = Release;
		};
		A5FF4E0F241FE02C00F9BBE3 /* Debug */ = {
			isa = XCBuildConfiguration;
			buildSettings = {
				ASSETCATALOG_COMPILER_APPICON_NAME = AppIcon;
				CODE_SIGN_STYLE = Automatic;
				DEVELOPMENT_ASSET_PATHS = "\"Landmarks/Preview Content\"";
				ENABLE_PREVIEWS = YES;
				INFOPLIST_FILE = Landmarks/Info.plist;
				LD_RUNPATH_SEARCH_PATHS = (
					"$(inherited)",
					"@executable_path/Frameworks",
				);
				PRODUCT_BUNDLE_IDENTIFIER = "com.example.apple-samplecode.Landmarks";
				PRODUCT_NAME = "$(TARGET_NAME)";
				SWIFT_VERSION = 5.0;
				TARGETED_DEVICE_FAMILY = "1,2";
			};
			name = Debug;
		};
		A5FF4E10241FE02C00F9BBE3 /* Release */ = {
			isa = XCBuildConfiguration;
			buildSettings = {
				ASSETCATALOG_COMPILER_APPICON_NAME = AppIcon;
				CODE_SIGN_STYLE = Automatic;
				DEVELOPMENT_ASSET_PATHS = "\"Landmarks/Preview Content\"";
				ENABLE_PREVIEWS = YES;
				INFOPLIST_FILE = Landmarks/Info.plist;
				LD_RUNPATH_SEARCH_PATHS = (
					"$(inherited)",
					"@executable_path/Frameworks",
				);
				PRODUCT_BUNDLE_IDENTIFIER = "com.example.apple-samplecode.Landmarks";
				PRODUCT_NAME = "$(TARGET_NAME)";
				SWIFT_VERSION = 5.0;
				TARGETED_DEVICE_FAMILY = "1,2";
			};
			name = Release;
		};
/* End XCBuildConfiguration section */

/* Begin XCConfigurationList section */
		A5FF4DF5241FE02900F9BBE3 /* Build configuration list for PBXProject "Landmarks" */ = {
			isa = XCConfigurationList;
			buildConfigurations = (
				A5FF4E0C241FE02C00F9BBE3 /* Debug */,
				A5FF4E0D241FE02C00F9BBE3 /* Release */,
			);
			defaultConfigurationIsVisible = 0;
			defaultConfigurationName = Release;
		};
		A5FF4E0E241FE02C00F9BBE3 /* Build configuration list for PBXNativeTarget "Landmarks" */ = {
			isa = XCConfigurationList;
			buildConfigurations = (
				A5FF4E0F241FE02C00F9BBE3 /* Debug */,
				A5FF4E10241FE02C00F9BBE3 /* Release */,
			);
			defaultConfigurationIsVisible = 0;
			defaultConfigurationName = Release;
		};
/* End XCConfigurationList section */
	};
	rootObject = A5FF4DF2241FE02900F9BBE3 /* Project object */;
}
